// !$*UTF8*$!
{
	archiveVersion = 1;
	classes = {
	};
	objectVersion = 46;
	objects = {

/* Begin PBXBuildFile section */
		3B093EA11CBAFFCC002F7452 /* HourlyWeather.swift in Sources */ = {isa = PBXBuildFile; fileRef = 3B093EA01CBAFFCC002F7452 /* HourlyWeather.swift */; };
		3B093EA31CBC2167002F7452 /* DailyForecastCVC.swift in Sources */ = {isa = PBXBuildFile; fileRef = 3B093EA21CBC2167002F7452 /* DailyForecastCVC.swift */; };
		3B09D1641CB156A800217887 /* AppDelegate.swift in Sources */ = {isa = PBXBuildFile; fileRef = 3B09D1631CB156A800217887 /* AppDelegate.swift */; };
		3B09D1661CB156A800217887 /* ViewController.swift in Sources */ = {isa = PBXBuildFile; fileRef = 3B09D1651CB156A800217887 /* ViewController.swift */; };
		3B09D1691CB156A800217887 /* Main.storyboard in Resources */ = {isa = PBXBuildFile; fileRef = 3B09D1671CB156A800217887 /* Main.storyboard */; };
		3B09D16C1CB156A800217887 /* MyWeather.xcdatamodeld in Sources */ = {isa = PBXBuildFile; fileRef = 3B09D16A1CB156A800217887 /* MyWeather.xcdatamodeld */; };
		3B09D16E1CB156A800217887 /* Assets.xcassets in Resources */ = {isa = PBXBuildFile; fileRef = 3B09D16D1CB156A800217887 /* Assets.xcassets */; };
		3B09D1711CB156A800217887 /* LaunchScreen.storyboard in Resources */ = {isa = PBXBuildFile; fileRef = 3B09D16F1CB156A800217887 /* LaunchScreen.storyboard */; };
		3B0F51E21CC262480039D0B8 /* TimeMachineVC.swift in Sources */ = {isa = PBXBuildFile; fileRef = 3B0F51E11CC262480039D0B8 /* TimeMachineVC.swift */; };
		3B2F52761CBFFF8400F1FD54 /* LocationHelper.swift in Sources */ = {isa = PBXBuildFile; fileRef = 3B2F52751CBFFF8400F1FD54 /* LocationHelper.swift */; };
		3B829EC31CB863D900866AFA /* Weather.swift in Sources */ = {isa = PBXBuildFile; fileRef = 3B829EC21CB863D900866AFA /* Weather.swift */; };
		3B8A72C31CBACAB6006931C0 /* HourlyForeCastCVC.swift in Sources */ = {isa = PBXBuildFile; fileRef = 3B8A72C21CBACAB6006931C0 /* HourlyForeCastCVC.swift */; };
		3B996C411CB1846C00EEC082 /* CurrentWeather.swift in Sources */ = {isa = PBXBuildFile; fileRef = 3B996C401CB1846C00EEC082 /* CurrentWeather.swift */; };
		3B996C441CB1859600EEC082 /* Constants.swift in Sources */ = {isa = PBXBuildFile; fileRef = 3B996C431CB1859600EEC082 /* Constants.swift */; };
		3BC6E1221CB2D95F000E2A01 /* Weather.json in Resources */ = {isa = PBXBuildFile; fileRef = 3BC6E1211CB2D95F000E2A01 /* Weather.json */; };
		3BC6E1251CB2EA8B000E2A01 /* Utils.swift in Sources */ = {isa = PBXBuildFile; fileRef = 3BC6E1241CB2EA8B000E2A01 /* Utils.swift */; };
		3BC6E1291CB589B4000E2A01 /* DailyWeather.swift in Sources */ = {isa = PBXBuildFile; fileRef = 3BC6E1281CB589B4000E2A01 /* DailyWeather.swift */; };
		77FCC8CF05A3E22372169AAE /* Pods_MyWeather.framework in Frameworks */ = {isa = PBXBuildFile; fileRef = 99AE61C9BEA6894BDE86D67D /* Pods_MyWeather.framework */; };
/* End PBXBuildFile section */

/* Begin PBXFileReference section */
		3B093EA01CBAFFCC002F7452 /* HourlyWeather.swift */ = {isa = PBXFileReference; fileEncoding = 4; lastKnownFileType = sourcecode.swift; path = HourlyWeather.swift; sourceTree = "<group>"; };
		3B093EA21CBC2167002F7452 /* DailyForecastCVC.swift */ = {isa = PBXFileReference; fileEncoding = 4; lastKnownFileType = sourcecode.swift; path = DailyForecastCVC.swift; sourceTree = "<group>"; };
		3B09D1601CB156A800217887 /* MyWeather.app */ = {isa = PBXFileReference; explicitFileType = wrapper.application; includeInIndex = 0; path = MyWeather.app; sourceTree = BUILT_PRODUCTS_DIR; };
		3B09D1631CB156A800217887 /* AppDelegate.swift */ = {isa = PBXFileReference; lastKnownFileType = sourcecode.swift; path = AppDelegate.swift; sourceTree = "<group>"; };
		3B09D1651CB156A800217887 /* ViewController.swift */ = {isa = PBXFileReference; lastKnownFileType = sourcecode.swift; path = ViewController.swift; sourceTree = "<group>"; };
		3B09D1681CB156A800217887 /* Base */ = {isa = PBXFileReference; lastKnownFileType = file.storyboard; name = Base; path = Base.lproj/Main.storyboard; sourceTree = "<group>"; };
		3B09D16B1CB156A800217887 /* MyWeather.xcdatamodel */ = {isa = PBXFileReference; lastKnownFileType = wrapper.xcdatamodel; path = MyWeather.xcdatamodel; sourceTree = "<group>"; };
		3B09D16D1CB156A800217887 /* Assets.xcassets */ = {isa = PBXFileReference; lastKnownFileType = folder.assetcatalog; path = Assets.xcassets; sourceTree = "<group>"; };
		3B09D1701CB156A800217887 /* Base */ = {isa = PBXFileReference; lastKnownFileType = file.storyboard; name = Base; path = Base.lproj/LaunchScreen.storyboard; sourceTree = "<group>"; };
		3B09D1721CB156A800217887 /* Info.plist */ = {isa = PBXFileReference; lastKnownFileType = text.plist.xml; path = Info.plist; sourceTree = "<group>"; };
		3B0F51E11CC262480039D0B8 /* TimeMachineVC.swift */ = {isa = PBXFileReference; fileEncoding = 4; lastKnownFileType = sourcecode.swift; path = TimeMachineVC.swift; sourceTree = "<group>"; };
		3B2F52751CBFFF8400F1FD54 /* LocationHelper.swift */ = {isa = PBXFileReference; fileEncoding = 4; lastKnownFileType = sourcecode.swift; path = LocationHelper.swift; sourceTree = "<group>"; };
		3B829EC21CB863D900866AFA /* Weather.swift */ = {isa = PBXFileReference; fileEncoding = 4; lastKnownFileType = sourcecode.swift; path = Weather.swift; sourceTree = "<group>"; };
		3B8A72C21CBACAB6006931C0 /* HourlyForeCastCVC.swift */ = {isa = PBXFileReference; fileEncoding = 4; lastKnownFileType = sourcecode.swift; path = HourlyForeCastCVC.swift; sourceTree = "<group>"; };
		3B996C401CB1846C00EEC082 /* CurrentWeather.swift */ = {isa = PBXFileReference; fileEncoding = 4; lastKnownFileType = sourcecode.swift; path = CurrentWeather.swift; sourceTree = "<group>"; };
		3B996C431CB1859600EEC082 /* Constants.swift */ = {isa = PBXFileReference; fileEncoding = 4; lastKnownFileType = sourcecode.swift; path = Constants.swift; sourceTree = "<group>"; };
		3BC6E1211CB2D95F000E2A01 /* Weather.json */ = {isa = PBXFileReference; fileEncoding = 4; lastKnownFileType = text.json; path = Weather.json; sourceTree = "<group>"; };
		3BC6E1241CB2EA8B000E2A01 /* Utils.swift */ = {isa = PBXFileReference; fileEncoding = 4; lastKnownFileType = sourcecode.swift; path = Utils.swift; sourceTree = "<group>"; };
		3BC6E1281CB589B4000E2A01 /* DailyWeather.swift */ = {isa = PBXFileReference; fileEncoding = 4; lastKnownFileType = sourcecode.swift; path = DailyWeather.swift; sourceTree = "<group>"; };
		99AE61C9BEA6894BDE86D67D /* Pods_MyWeather.framework */ = {isa = PBXFileReference; explicitFileType = wrapper.framework; includeInIndex = 0; path = Pods_MyWeather.framework; sourceTree = BUILT_PRODUCTS_DIR; };
		9E8D95DF74094AB6987E3973 /* Pods-MyWeather.release.xcconfig */ = {isa = PBXFileReference; includeInIndex = 1; lastKnownFileType = text.xcconfig; name = "Pods-MyWeather.release.xcconfig"; path = "Pods/Target Support Files/Pods-MyWeather/Pods-MyWeather.release.xcconfig"; sourceTree = "<group>"; };
		D2CA572EBD4B538899363FA8 /* Pods-MyWeather.debug.xcconfig */ = {isa = PBXFileReference; includeInIndex = 1; lastKnownFileType = text.xcconfig; name = "Pods-MyWeather.debug.xcconfig"; path = "Pods/Target Support Files/Pods-MyWeather/Pods-MyWeather.debug.xcconfig"; sourceTree = "<group>"; };
/* End PBXFileReference section */

/* Begin PBXFrameworksBuildPhase section */
		3B09D15D1CB156A800217887 /* Frameworks */ = {
			isa = PBXFrameworksBuildPhase;
			buildActionMask = 2147483647;
			files = (
				77FCC8CF05A3E22372169AAE /* Pods_MyWeather.framework in Frameworks */,
			);
			runOnlyForDeploymentPostprocessing = 0;
		};
/* End PBXFrameworksBuildPhase section */

/* Begin PBXGroup section */
		3B09D1571CB156A800217887 = {
			isa = PBXGroup;
			children = (
				3B09D1621CB156A800217887 /* MyWeather */,
				3B09D1611CB156A800217887 /* Products */,
				A3471A495F10C4B536C66E07 /* Pods */,
				D1EF3421DED42663C688D164 /* Frameworks */,
			);
			sourceTree = "<group>";
		};
		3B09D1611CB156A800217887 /* Products */ = {
			isa = PBXGroup;
			children = (
				3B09D1601CB156A800217887 /* MyWeather.app */,
			);
			name = Products;
			sourceTree = "<group>";
		};
		3B09D1621CB156A800217887 /* MyWeather */ = {
			isa = PBXGroup;
			children = (
				3B996C3F1CB16AFC00EEC082 /* Model */,
				3B996C3D1CB16AEA00EEC082 /* View */,
				3B996C3E1CB16AF800EEC082 /* Controller */,
				3B09D1631CB156A800217887 /* AppDelegate.swift */,
				3BC6E1201CB2D942000E2A01 /* Resources */,
				3B996C421CB1858C00EEC082 /* Utils */,
				3B09D16D1CB156A800217887 /* Assets.xcassets */,
				3B09D16F1CB156A800217887 /* LaunchScreen.storyboard */,
				3B09D1721CB156A800217887 /* Info.plist */,
				3B09D16A1CB156A800217887 /* MyWeather.xcdatamodeld */,
			);
			path = MyWeather;
			sourceTree = "<group>";
		};
		3B996C3D1CB16AEA00EEC082 /* View */ = {
			isa = PBXGroup;
			children = (
				3B09D1671CB156A800217887 /* Main.storyboard */,
			);
			name = View;
			sourceTree = "<group>";
		};
		3B996C3E1CB16AF800EEC082 /* Controller */ = {
			isa = PBXGroup;
			children = (
				3B09D1651CB156A800217887 /* ViewController.swift */,
				3B8A72C21CBACAB6006931C0 /* HourlyForeCastCVC.swift */,
				3B093EA21CBC2167002F7452 /* DailyForecastCVC.swift */,
				3B0F51E11CC262480039D0B8 /* TimeMachineVC.swift */,
			);
			name = Controller;
			sourceTree = "<group>";
		};
		3B996C3F1CB16AFC00EEC082 /* Model */ = {
			isa = PBXGroup;
			children = (
				3B996C401CB1846C00EEC082 /* CurrentWeather.swift */,
				3BC6E1281CB589B4000E2A01 /* DailyWeather.swift */,
				3B829EC21CB863D900866AFA /* Weather.swift */,
				3B093EA01CBAFFCC002F7452 /* HourlyWeather.swift */,
			);
			name = Model;
			sourceTree = "<group>";
		};
		3B996C421CB1858C00EEC082 /* Utils */ = {
			isa = PBXGroup;
			children = (
				3BC6E1241CB2EA8B000E2A01 /* Utils.swift */,
				3B996C431CB1859600EEC082 /* Constants.swift */,
				3B2F52751CBFFF8400F1FD54 /* LocationHelper.swift */,
			);
			name = Utils;
			sourceTree = "<group>";
		};
		3BC6E1201CB2D942000E2A01 /* Resources */ = {
			isa = PBXGroup;
			children = (
				3BC6E1211CB2D95F000E2A01 /* Weather.json */,
			);
			name = Resources;
			sourceTree = "<group>";
		};
		A3471A495F10C4B536C66E07 /* Pods */ = {
			isa = PBXGroup;
			children = (
				D2CA572EBD4B538899363FA8 /* Pods-MyWeather.debug.xcconfig */,
				9E8D95DF74094AB6987E3973 /* Pods-MyWeather.release.xcconfig */,
			);
			name = Pods;
			sourceTree = "<group>";
		};
		D1EF3421DED42663C688D164 /* Frameworks */ = {
			isa = PBXGroup;
			children = (
				99AE61C9BEA6894BDE86D67D /* Pods_MyWeather.framework */,
			);
			name = Frameworks;
			sourceTree = "<group>";
		};
/* End PBXGroup section */

/* Begin PBXNativeTarget section */
		3B09D15F1CB156A800217887 /* MyWeather */ = {
			isa = PBXNativeTarget;
			buildConfigurationList = 3B09D1751CB156A800217887 /* Build configuration list for PBXNativeTarget "MyWeather" */;
			buildPhases = (
				A54D756F5EA0A4D04614AC6D /* Check Pods Manifest.lock */,
				3B09D15C1CB156A800217887 /* Sources */,
				3B09D15D1CB156A800217887 /* Frameworks */,
				3B09D15E1CB156A800217887 /* Resources */,
				FC2FB9F74001A232D0204C0B /* Embed Pods Frameworks */,
				10773EE2300E00045071B8FE /* Copy Pods Resources */,
			);
			buildRules = (
			);
			dependencies = (
			);
			name = MyWeather;
			productName = MyWeather;
			productReference = 3B09D1601CB156A800217887 /* MyWeather.app */;
			productType = "com.apple.product-type.application";
		};
/* End PBXNativeTarget section */

/* Begin PBXProject section */
		3B09D1581CB156A800217887 /* Project object */ = {
			isa = PBXProject;
			attributes = {
				LastSwiftUpdateCheck = 0730;
				LastUpgradeCheck = 0730;
				ORGANIZATIONNAME = "Javier González Rojo";
				TargetAttributes = {
					3B09D15F1CB156A800217887 = {
						CreatedOnToolsVersion = 7.3;
						DevelopmentTeam = Y64JU4BEF2;
					};
				};
			};
			buildConfigurationList = 3B09D15B1CB156A800217887 /* Build configuration list for PBXProject "MyWeather" */;
			compatibilityVersion = "Xcode 3.2";
			developmentRegion = English;
			hasScannedForEncodings = 0;
			knownRegions = (
				en,
				Base,
			);
			mainGroup = 3B09D1571CB156A800217887;
			productRefGroup = 3B09D1611CB156A800217887 /* Products */;
			projectDirPath = "";
			projectRoot = "";
			targets = (
				3B09D15F1CB156A800217887 /* MyWeather */,
			);
		};
/* End PBXProject section */

/* Begin PBXResourcesBuildPhase section */
		3B09D15E1CB156A800217887 /* Resources */ = {
			isa = PBXResourcesBuildPhase;
			buildActionMask = 2147483647;
			files = (
				3B09D1711CB156A800217887 /* LaunchScreen.storyboard in Resources */,
				3B09D16E1CB156A800217887 /* Assets.xcassets in Resources */,
				3BC6E1221CB2D95F000E2A01 /* Weather.json in Resources */,
				3B09D1691CB156A800217887 /* Main.storyboard in Resources */,
			);
			runOnlyForDeploymentPostprocessing = 0;
		};
/* End PBXResourcesBuildPhase section */

/* Begin PBXShellScriptBuildPhase section */
		10773EE2300E00045071B8FE /* Copy Pods Resources */ = {
			isa = PBXShellScriptBuildPhase;
			buildActionMask = 2147483647;
			files = (
			);
			inputPaths = (
			);
			name = "Copy Pods Resources";
			outputPaths = (
			);
			runOnlyForDeploymentPostprocessing = 0;
			shellPath = /bin/sh;
			shellScript = "\"${SRCROOT}/Pods/Target Support Files/Pods-MyWeather/Pods-MyWeather-resources.sh\"\n";
			showEnvVarsInLog = 0;
		};
		A54D756F5EA0A4D04614AC6D /* Check Pods Manifest.lock */ = {
			isa = PBXShellScriptBuildPhase;
			buildActionMask = 2147483647;
			files = (
			);
			inputPaths = (
			);
			name = "Check Pods Manifest.lock";
			outputPaths = (
			);
			runOnlyForDeploymentPostprocessing = 0;
			shellPath = /bin/sh;
			shellScript = "diff \"${PODS_ROOT}/../Podfile.lock\" \"${PODS_ROOT}/Manifest.lock\" > /dev/null\nif [[ $? != 0 ]] ; then\n    cat << EOM\nerror: The sandbox is not in sync with the Podfile.lock. Run 'pod install' or update your CocoaPods installation.\nEOM\n    exit 1\nfi\n";
			showEnvVarsInLog = 0;
		};
		FC2FB9F74001A232D0204C0B /* Embed Pods Frameworks */ = {
			isa = PBXShellScriptBuildPhase;
			buildActionMask = 2147483647;
			files = (
			);
			inputPaths = (
			);
			name = "Embed Pods Frameworks";
			outputPaths = (
			);
			runOnlyForDeploymentPostprocessing = 0;
			shellPath = /bin/sh;
			shellScript = "\"${SRCROOT}/Pods/Target Support Files/Pods-MyWeather/Pods-MyWeather-frameworks.sh\"\n";
			showEnvVarsInLog = 0;
		};
/* End PBXShellScriptBuildPhase section */

/* Begin PBXSourcesBuildPhase section */
		3B09D15C1CB156A800217887 /* Sources */ = {
			isa = PBXSourcesBuildPhase;
			buildActionMask = 2147483647;
			files = (
				3B2F52761CBFFF8400F1FD54 /* LocationHelper.swift in Sources */,
				3BC6E1291CB589B4000E2A01 /* DailyWeather.swift in Sources */,
				3B0F51E21CC262480039D0B8 /* TimeMachineVC.swift in Sources */,
				3B093EA11CBAFFCC002F7452 /* HourlyWeather.swift in Sources */,
				3B996C441CB1859600EEC082 /* Constants.swift in Sources */,
				3B09D1661CB156A800217887 /* ViewController.swift in Sources */,
				3B8A72C31CBACAB6006931C0 /* HourlyForeCastCVC.swift in Sources */,
				3B09D1641CB156A800217887 /* AppDelegate.swift in Sources */,
				3B093EA31CBC2167002F7452 /* DailyForecastCVC.swift in Sources */,
				3B996C411CB1846C00EEC082 /* CurrentWeather.swift in Sources */,
				3B09D16C1CB156A800217887 /* MyWeather.xcdatamodeld in Sources */,
				3BC6E1251CB2EA8B000E2A01 /* Utils.swift in Sources */,
				3B829EC31CB863D900866AFA /* Weather.swift in Sources */,
			);
			runOnlyForDeploymentPostprocessing = 0;
		};
/* End PBXSourcesBuildPhase section */

/* Begin PBXVariantGroup section */
		3B09D1671CB156A800217887 /* Main.storyboard */ = {
			isa = PBXVariantGroup;
			children = (
				3B09D1681CB156A800217887 /* Base */,
			);
			name = Main.storyboard;
			sourceTree = "<group>";
		};
		3B09D16F1CB156A800217887 /* LaunchScreen.storyboard */ = {
			isa = PBXVariantGroup;
			children = (
				3B09D1701CB156A800217887 /* Base */,
			);
			name = LaunchScreen.storyboard;
			sourceTree = "<group>";
		};
/* End PBXVariantGroup section */

/* Begin XCBuildConfiguration section */
		3B09D1731CB156A800217887 /* Debug */ = {
			isa = XCBuildConfiguration;
			buildSettings = {
				ALWAYS_SEARCH_USER_PATHS = NO;
				CLANG_ANALYZER_NONNULL = YES;
				CLANG_CXX_LANGUAGE_STANDARD = "gnu++0x";
				CLANG_CXX_LIBRARY = "libc++";
				CLANG_ENABLE_MODULES = YES;
				CLANG_ENABLE_OBJC_ARC = YES;
				CLANG_WARN_BOOL_CONVERSION = YES;
				CLANG_WARN_CONSTANT_CONVERSION = YES;
				CLANG_WARN_DIRECT_OBJC_ISA_USAGE = YES_ERROR;
				CLANG_WARN_EMPTY_BODY = YES;
				CLANG_WARN_ENUM_CONVERSION = YES;
				CLANG_WARN_INT_CONVERSION = YES;
				CLANG_WARN_OBJC_ROOT_CLASS = YES_ERROR;
				CLANG_WARN_UNREACHABLE_CODE = YES;
				CLANG_WARN__DUPLICATE_METHOD_MATCH = YES;
				"CODE_SIGN_IDENTITY[sdk=iphoneos*]" = "iPhone Developer";
				COPY_PHASE_STRIP = NO;
				DEBUG_INFORMATION_FORMAT = dwarf;
				ENABLE_STRICT_OBJC_MSGSEND = YES;
				ENABLE_TESTABILITY = YES;
				GCC_C_LANGUAGE_STANDARD = gnu99;
				GCC_DYNAMIC_NO_PIC = NO;
				GCC_NO_COMMON_BLOCKS = YES;
				GCC_OPTIMIZATION_LEVEL = 0;
				GCC_PREPROCESSOR_DEFINITIONS = (
					"DEBUG=1",
					"$(inherited)",
				);
				GCC_WARN_64_TO_32_BIT_CONVERSION = YES;
				GCC_WARN_ABOUT_RETURN_TYPE = YES_ERROR;
				GCC_WARN_UNDECLARED_SELECTOR = YES;
				GCC_WARN_UNINITIALIZED_AUTOS = YES_AGGRESSIVE;
				GCC_WARN_UNUSED_FUNCTION = YES;
				GCC_WARN_UNUSED_VARIABLE = YES;
				IPHONEOS_DEPLOYMENT_TARGET = 9.3;
				MTL_ENABLE_DEBUG_INFO = YES;
				ONLY_ACTIVE_ARCH = YES;
				SDKROOT = iphoneos;
				SWIFT_OPTIMIZATION_LEVEL = "-Onone";
				TARGETED_DEVICE_FAMILY = "1,2";
			};
			name = Debug;
		};
		3B09D1741CB156A800217887 /* Release */ = {
			isa = XCBuildConfiguration;
			buildSettings = {
				ALWAYS_SEARCH_USER_PATHS = NO;
				CLANG_ANALYZER_NONNULL = YES;
				CLANG_CXX_LANGUAGE_STANDARD = "gnu++0x";
				CLANG_CXX_LIBRARY = "libc++";
				CLANG_ENABLE_MODULES = YES;
				CLANG_ENABLE_OBJC_ARC = YES;
				CLANG_WARN_BOOL_CONVERSION = YES;
				CLANG_WARN_CONSTANT_CONVERSION = YES;
				CLANG_WARN_DIRECT_OBJC_ISA_USAGE = YES_ERROR;
				CLANG_WARN_EMPTY_BODY = YES;
				CLANG_WARN_ENUM_CONVERSION = YES;
				CLANG_WARN_INT_CONVERSION = YES;
				CLANG_WARN_OBJC_ROOT_CLASS = YES_ERROR;
				CLANG_WARN_UNREACHABLE_CODE = YES;
				CLANG_WARN__DUPLICATE_METHOD_MATCH = YES;
				"CODE_SIGN_IDENTITY[sdk=iphoneos*]" = "iPhone Developer";
				COPY_PHASE_STRIP = NO;
				DEBUG_INFORMATION_FORMAT = "dwarf-with-dsym";
				ENABLE_NS_ASSERTIONS = NO;
				ENABLE_STRICT_OBJC_MSGSEND = YES;
				GCC_C_LANGUAGE_STANDARD = gnu99;
				GCC_NO_COMMON_BLOCKS = YES;
				GCC_WARN_64_TO_32_BIT_CONVERSION = YES;
				GCC_WARN_ABOUT_RETURN_TYPE = YES_ERROR;
				GCC_WARN_UNDECLARED_SELECTOR = YES;
				GCC_WARN_UNINITIALIZED_AUTOS = YES_AGGRESSIVE;
				GCC_WARN_UNUSED_FUNCTION = YES;
				GCC_WARN_UNUSED_VARIABLE = YES;
				IPHONEOS_DEPLOYMENT_TARGET = 9.3;
				MTL_ENABLE_DEBUG_INFO = NO;
				SDKROOT = iphoneos;
				TARGETED_DEVICE_FAMILY = "1,2";
				VALIDATE_PRODUCT = YES;
			};
			name = Release;
		};
		3B09D1761CB156A800217887 /* Debug */ = {
			isa = XCBuildConfiguration;
			baseConfigurationReference = D2CA572EBD4B538899363FA8 /* Pods-MyWeather.debug.xcconfig */;
			buildSettings = {
				ASSETCATALOG_COMPILER_APPICON_NAME = AppIcon;
				CODE_SIGN_IDENTITY = "iPhone Developer";
				INFOPLIST_FILE = MyWeather/Info.plist;
				LD_RUNPATH_SEARCH_PATHS = "$(inherited) @executable_path/Frameworks";
				PRODUCT_BUNDLE_IDENTIFIER = self.javier.gonzalez.MyWeather;
				PRODUCT_NAME = "$(TARGET_NAME)";
			};
			name = Debug;
		};
		3B09D1771CB156A800217887 /* Release */ = {
			isa = XCBuildConfiguration;
			baseConfigurationReference = 9E8D95DF74094AB6987E3973 /* Pods-MyWeather.release.xcconfig */;
			buildSettings = {
				ASSETCATALOG_COMPILER_APPICON_NAME = AppIcon;
				CODE_SIGN_IDENTITY = "iPhone Developer";
				INFOPLIST_FILE = MyWeather/Info.plist;
				LD_RUNPATH_SEARCH_PATHS = "$(inherited) @executable_path/Frameworks";
				PRODUCT_BUNDLE_IDENTIFIER = self.javier.gonzalez.MyWeather;
				PRODUCT_NAME = "$(TARGET_NAME)";
			};
			name = Release;
		};
/* End XCBuildConfiguration section */

/* Begin XCConfigurationList section */
		3B09D15B1CB156A800217887 /* Build configuration list for PBXProject "MyWeather" */ = {
			isa = XCConfigurationList;
			buildConfigurations = (
				3B09D1731CB156A800217887 /* Debug */,
				3B09D1741CB156A800217887 /* Release */,
			);
			defaultConfigurationIsVisible = 0;
			defaultConfigurationName = Release;
		};
		3B09D1751CB156A800217887 /* Build configuration list for PBXNativeTarget "MyWeather" */ = {
			isa = XCConfigurationList;
			buildConfigurations = (
				3B09D1761CB156A800217887 /* Debug */,
				3B09D1771CB156A800217887 /* Release */,
			);
			defaultConfigurationIsVisible = 0;
			defaultConfigurationName = Release;
		};
/* End XCConfigurationList section */

/* Begin XCVersionGroup section */
		3B09D16A1CB156A800217887 /* MyWeather.xcdatamodeld */ = {
			isa = XCVersionGroup;
			children = (
				3B09D16B1CB156A800217887 /* MyWeather.xcdatamodel */,
			);
			currentVersion = 3B09D16B1CB156A800217887 /* MyWeather.xcdatamodel */;
			path = MyWeather.xcdatamodeld;
			sourceTree = "<group>";
			versionGroupType = wrapper.xcdatamodel;
		};
/* End XCVersionGroup section */
	};
	rootObject = 3B09D1581CB156A800217887 /* Project object */;
}
